
Microsoft Visual Studio Solution File, Format Version 12.00
# Visual Studio Version 16
VisualStudioVersion = 16.0.31112.23
MinimumVisualStudioVersion = 10.0.40219.1
Project("{FAE04EC0-301F-11D3-BF4B-00C04F79EFBC}") = "LootEgami", "LootEgami\LootEgami.csproj", "{6654B246-5398-4AB7-8D15-B6AFAE4A306A}"
EndProject
Global
	GlobalSection(SolutionConfigurationPlatforms) = preSolution
		Debug|Any CPU = Debug|Any CPU
		Release|Any CPU = Release|Any CPU
	EndGlobalSection
	GlobalSection(ProjectConfigurationPlatforms) = postSolution
		{6654B246-5398-4AB7-8D15-B6AFAE4A306A}.Debug|Any CPU.ActiveCfg = Debug|Any CPU
		{6654B246-5398-4AB7-8D15-B6AFAE4A306A}.Debug|Any CPU.Build.0 = Debug|Any CPU
		{6654B246-5398-4AB7-8D15-B6AFAE4A306A}.Release|Any CPU.ActiveCfg = Release|Any CPU
		{6654B246-5398-4AB7-8D15-B6AFAE4A306A}.Release|Any CPU.Build.0 = Release|Any CPU
	EndGlobalSection
	GlobalSection(SolutionProperties) = preSolution
		HideSolutionNode = FALSE
	EndGlobalSection
	GlobalSection(ExtensibilityGlobals) = postSolution
		SolutionGuid = {652BFF32-35AF-419E-9D60-6AAA2F58364A}
	EndGlobalSection
EndGlobal
